// !$*UTF8*$!
{
	archiveVersion = 1;
	classes = {
	};
	objectVersion = 56;
	objects = {

/* Begin PBXBuildFile section */
		30348E862C1CD44A00A0EE60 /* AgriCareApp.swift in Sources */ = {isa = PBXBuildFile; fileRef = 30348E852C1CD44A00A0EE60 /* AgriCareApp.swift */; };
		30348E882C1CD44A00A0EE60 /* AgriCareTabView.swift in Sources */ = {isa = PBXBuildFile; fileRef = 30348E872C1CD44A00A0EE60 /* AgriCareTabView.swift */; };
		30348E8A2C1CD44B00A0EE60 /* Assets.xcassets in Resources */ = {isa = PBXBuildFile; fileRef = 30348E892C1CD44B00A0EE60 /* Assets.xcassets */; };
		30348E8D2C1CD44B00A0EE60 /* Preview Assets.xcassets in Resources */ = {isa = PBXBuildFile; fileRef = 30348E8C2C1CD44B00A0EE60 /* Preview Assets.xcassets */; };
		30348E942C1CD54600A0EE60 /* AgriCareHomeView.swift in Sources */ = {isa = PBXBuildFile; fileRef = 30348E932C1CD54600A0EE60 /* AgriCareHomeView.swift */; };
		30348E9C2C1CD59D00A0EE60 /* ScannerView.swift in Sources */ = {isa = PBXBuildFile; fileRef = 30348E9B2C1CD59D00A0EE60 /* ScannerView.swift */; };
		30348E9E2C1F4E4100A0EE60 /* Prediction.swift in Sources */ = {isa = PBXBuildFile; fileRef = 30348E9D2C1F4E4100A0EE60 /* Prediction.swift */; };
		30348EA02C1F4F1600A0EE60 /* Report.swift in Sources */ = {isa = PBXBuildFile; fileRef = 30348E9F2C1F4F1600A0EE60 /* Report.swift */; };
		306F47D82C41BCF50063B7D4 /* ScannerViewModel.swift in Sources */ = {isa = PBXBuildFile; fileRef = 306F47D72C41BCF50063B7D4 /* ScannerViewModel.swift */; };
		306F47DA2C41BDE90063B7D4 /* ImagePicker.swift in Sources */ = {isa = PBXBuildFile; fileRef = 306F47D92C41BDE90063B7D4 /* ImagePicker.swift */; };
		30C77CC32C49A8FB00EC6678 /* ReportDetailView.swift in Sources */ = {isa = PBXBuildFile; fileRef = 30C77CC22C49A8FB00EC6678 /* ReportDetailView.swift */; };
		30C77CC52C49A93E00EC6678 /* ReportView.swift in Sources */ = {isa = PBXBuildFile; fileRef = 30C77CC42C49A93E00EC6678 /* ReportView.swift */; };
		30C77CC72C49E7FF00EC6678 /* CareToolButton.swift in Sources */ = {isa = PBXBuildFile; fileRef = 30C77CC62C49E7FF00EC6678 /* CareToolButton.swift */; };
		30C77CC92C4AF79A00EC6678 /* ReportItemView.swift in Sources */ = {isa = PBXBuildFile; fileRef = 30C77CC82C4AF79A00EC6678 /* ReportItemView.swift */; };
/* End PBXBuildFile section */

/* Begin PBXFileReference section */
		30348E822C1CD44A00A0EE60 /* AgriCare.app */ = {isa = PBXFileReference; explicitFileType = wrapper.application; includeInIndex = 0; path = AgriCare.app; sourceTree = BUILT_PRODUCTS_DIR; };
		30348E852C1CD44A00A0EE60 /* AgriCareApp.swift */ = {isa = PBXFileReference; lastKnownFileType = sourcecode.swift; path = AgriCareApp.swift; sourceTree = "<group>"; };
		30348E872C1CD44A00A0EE60 /* AgriCareTabView.swift */ = {isa = PBXFileReference; lastKnownFileType = sourcecode.swift; path = AgriCareTabView.swift; sourceTree = "<group>"; };
		30348E892C1CD44B00A0EE60 /* Assets.xcassets */ = {isa = PBXFileReference; lastKnownFileType = folder.assetcatalog; path = Assets.xcassets; sourceTree = "<group>"; };
		30348E8C2C1CD44B00A0EE60 /* Preview Assets.xcassets */ = {isa = PBXFileReference; lastKnownFileType = folder.assetcatalog; path = "Preview Assets.xcassets"; sourceTree = "<group>"; };
		30348E932C1CD54600A0EE60 /* AgriCareHomeView.swift */ = {isa = PBXFileReference; lastKnownFileType = sourcecode.swift; path = AgriCareHomeView.swift; sourceTree = "<group>"; };
		30348E9B2C1CD59D00A0EE60 /* ScannerView.swift */ = {isa = PBXFileReference; lastKnownFileType = sourcecode.swift; path = ScannerView.swift; sourceTree = "<group>"; };
		30348E9D2C1F4E4100A0EE60 /* Prediction.swift */ = {isa = PBXFileReference; lastKnownFileType = sourcecode.swift; path = Prediction.swift; sourceTree = "<group>"; };
		30348E9F2C1F4F1600A0EE60 /* Report.swift */ = {isa = PBXFileReference; lastKnownFileType = sourcecode.swift; path = Report.swift; sourceTree = "<group>"; };
		306F47D72C41BCF50063B7D4 /* ScannerViewModel.swift */ = {isa = PBXFileReference; lastKnownFileType = sourcecode.swift; path = ScannerViewModel.swift; sourceTree = "<group>"; };
		306F47D92C41BDE90063B7D4 /* ImagePicker.swift */ = {isa = PBXFileReference; lastKnownFileType = sourcecode.swift; path = ImagePicker.swift; sourceTree = "<group>"; };
		30C77CC22C49A8FB00EC6678 /* ReportDetailView.swift */ = {isa = PBXFileReference; lastKnownFileType = sourcecode.swift; path = ReportDetailView.swift; sourceTree = "<group>"; };
		30C77CC42C49A93E00EC6678 /* ReportView.swift */ = {isa = PBXFileReference; lastKnownFileType = sourcecode.swift; path = ReportView.swift; sourceTree = "<group>"; };
		30C77CC62C49E7FF00EC6678 /* CareToolButton.swift */ = {isa = PBXFileReference; lastKnownFileType = sourcecode.swift; path = CareToolButton.swift; sourceTree = "<group>"; };
		30C77CC82C4AF79A00EC6678 /* ReportItemView.swift */ = {isa = PBXFileReference; lastKnownFileType = sourcecode.swift; path = ReportItemView.swift; sourceTree = "<group>"; };
/* End PBXFileReference section */

/* Begin PBXFrameworksBuildPhase section */
		30348E7F2C1CD44A00A0EE60 /* Frameworks */ = {
			isa = PBXFrameworksBuildPhase;
			buildActionMask = 2147483647;
			files = (
			);
			runOnlyForDeploymentPostprocessing = 0;
		};
/* End PBXFrameworksBuildPhase section */

/* Begin PBXGroup section */
		30348E792C1CD44A00A0EE60 = {
			isa = PBXGroup;
			children = (
				30348E842C1CD44A00A0EE60 /* AgriCare */,
				30348E832C1CD44A00A0EE60 /* Products */,
			);
			sourceTree = "<group>";
		};
		30348E832C1CD44A00A0EE60 /* Products */ = {
			isa = PBXGroup;
			children = (
				30348E822C1CD44A00A0EE60 /* AgriCare.app */,
			);
			name = Products;
			sourceTree = "<group>";
		};
		30348E842C1CD44A00A0EE60 /* AgriCare */ = {
			isa = PBXGroup;
			children = (
				30348E852C1CD44A00A0EE60 /* AgriCareApp.swift */,
				30C77CCC2C4AF87C00EC6678 /* Models */,
				30348E892C1CD44B00A0EE60 /* Assets.xcassets */,
				30348E8B2C1CD44B00A0EE60 /* Preview Content */,
				30C77CCA2C4AF84E00EC6678 /* Screens */,
				30C77CCB2C4AF86700EC6678 /* Views */,
				30C77CCD2C4AF8BF00EC6678 /* Utils */,
				30C77CCE2C4AF8C700EC6678 /* ViewModel */,
			);
			path = AgriCare;
			sourceTree = "<group>";
		};
		30348E8B2C1CD44B00A0EE60 /* Preview Content */ = {
			isa = PBXGroup;
			children = (
				30348E8C2C1CD44B00A0EE60 /* Preview Assets.xcassets */,
			);
			path = "Preview Content";
			sourceTree = "<group>";
		};
		30C77CCA2C4AF84E00EC6678 /* Screens */ = {
			isa = PBXGroup;
			children = (
				30348E9B2C1CD59D00A0EE60 /* ScannerView.swift */,
				30348E872C1CD44A00A0EE60 /* AgriCareTabView.swift */,
				30348E932C1CD54600A0EE60 /* AgriCareHomeView.swift */,
				30C77CC22C49A8FB00EC6678 /* ReportDetailView.swift */,
				30C77CC42C49A93E00EC6678 /* ReportView.swift */,
			);
			path = Screens;
			sourceTree = "<group>";
		};
		30C77CCB2C4AF86700EC6678 /* Views */ = {
			isa = PBXGroup;
			children = (
				30C77CC62C49E7FF00EC6678 /* CareToolButton.swift */,
				30C77CC82C4AF79A00EC6678 /* ReportItemView.swift */,
			);
			path = Views;
			sourceTree = "<group>";
		};
		30C77CCC2C4AF87C00EC6678 /* Models */ = {
			isa = PBXGroup;
			children = (
				30348E9F2C1F4F1600A0EE60 /* Report.swift */,
				30348E9D2C1F4E4100A0EE60 /* Prediction.swift */,
			);
			path = Models;
			sourceTree = "<group>";
		};
		30C77CCD2C4AF8BF00EC6678 /* Utils */ = {
			isa = PBXGroup;
			children = (
				306F47D92C41BDE90063B7D4 /* ImagePicker.swift */,
			);
			path = Utils;
			sourceTree = "<group>";
		};
		30C77CCE2C4AF8C700EC6678 /* ViewModel */ = {
			isa = PBXGroup;
			children = (
				306F47D72C41BCF50063B7D4 /* ScannerViewModel.swift */,
			);
			path = ViewModel;
			sourceTree = "<group>";
		};
/* End PBXGroup section */

/* Begin PBXNativeTarget section */
		30348E812C1CD44A00A0EE60 /* AgriCare */ = {
			isa = PBXNativeTarget;
			buildConfigurationList = 30348E902C1CD44B00A0EE60 /* Build configuration list for PBXNativeTarget "AgriCare" */;
			buildPhases = (
				30348E7E2C1CD44A00A0EE60 /* Sources */,
				30348E7F2C1CD44A00A0EE60 /* Frameworks */,
				30348E802C1CD44A00A0EE60 /* Resources */,
			);
			buildRules = (
			);
			dependencies = (
			);
			name = AgriCare;
			productName = Briksha;
			productReference = 30348E822C1CD44A00A0EE60 /* AgriCare.app */;
			productType = "com.apple.product-type.application";
		};
/* End PBXNativeTarget section */

/* Begin PBXProject section */
		30348E7A2C1CD44A00A0EE60 /* Project object */ = {
			isa = PBXProject;
			attributes = {
				BuildIndependentTargetsInParallel = 1;
				LastSwiftUpdateCheck = 1540;
				LastUpgradeCheck = 1540;
				TargetAttributes = {
					30348E812C1CD44A00A0EE60 = {
						CreatedOnToolsVersion = 15.4;
					};
				};
			};
			buildConfigurationList = 30348E7D2C1CD44A00A0EE60 /* Build configuration list for PBXProject "AgriCare" */;
			compatibilityVersion = "Xcode 14.0";
			developmentRegion = en;
			hasScannedForEncodings = 0;
			knownRegions = (
				en,
				Base,
			);
			mainGroup = 30348E792C1CD44A00A0EE60;
			productRefGroup = 30348E832C1CD44A00A0EE60 /* Products */;
			projectDirPath = "";
			projectRoot = "";
			targets = (
				30348E812C1CD44A00A0EE60 /* AgriCare */,
			);
		};
/* End PBXProject section */

/* Begin PBXResourcesBuildPhase section */
		30348E802C1CD44A00A0EE60 /* Resources */ = {
			isa = PBXResourcesBuildPhase;
			buildActionMask = 2147483647;
			files = (
				30348E8D2C1CD44B00A0EE60 /* Preview Assets.xcassets in Resources */,
				30348E8A2C1CD44B00A0EE60 /* Assets.xcassets in Resources */,
			);
			runOnlyForDeploymentPostprocessing = 0;
		};
/* End PBXResourcesBuildPhase section */

/* Begin PBXSourcesBuildPhase section */
		30348E7E2C1CD44A00A0EE60 /* Sources */ = {
			isa = PBXSourcesBuildPhase;
			buildActionMask = 2147483647;
			files = (
				30348E9E2C1F4E4100A0EE60 /* Prediction.swift in Sources */,
				30348E882C1CD44A00A0EE60 /* AgriCareTabView.swift in Sources */,
				306F47D82C41BCF50063B7D4 /* ScannerViewModel.swift in Sources */,
				30348E942C1CD54600A0EE60 /* AgriCareHomeView.swift in Sources */,
				30348EA02C1F4F1600A0EE60 /* Report.swift in Sources */,
				30C77CC92C4AF79A00EC6678 /* ReportItemView.swift in Sources */,
				30C77CC52C49A93E00EC6678 /* ReportView.swift in Sources */,
				30C77CC32C49A8FB00EC6678 /* ReportDetailView.swift in Sources */,
				30348E9C2C1CD59D00A0EE60 /* ScannerView.swift in Sources */,
				30C77CC72C49E7FF00EC6678 /* CareToolButton.swift in Sources */,
				306F47DA2C41BDE90063B7D4 /* ImagePicker.swift in Sources */,
				30348E862C1CD44A00A0EE60 /* AgriCareApp.swift in Sources */,
			);
			runOnlyForDeploymentPostprocessing = 0;
		};
/* End PBXSourcesBuildPhase section */

/* Begin XCBuildConfiguration section */
		30348E8E2C1CD44B00A0EE60 /* Debug */ = {
			isa = XCBuildConfiguration;
			buildSettings = {
				ALWAYS_SEARCH_USER_PATHS = NO;
				ASSETCATALOG_COMPILER_GENERATE_SWIFT_ASSET_SYMBOL_EXTENSIONS = YES;
				CLANG_ANALYZER_NONNULL = YES;
				CLANG_ANALYZER_NUMBER_OBJECT_CONVERSION = YES_AGGRESSIVE;
				CLANG_CXX_LANGUAGE_STANDARD = "gnu++20";
				CLANG_ENABLE_MODULES = YES;
				CLANG_ENABLE_OBJC_ARC = YES;
				CLANG_ENABLE_OBJC_WEAK = YES;
				CLANG_WARN_BLOCK_CAPTURE_AUTORELEASING = YES;
				CLANG_WARN_BOOL_CONVERSION = YES;
				CLANG_WARN_COMMA = YES;
				CLANG_WARN_CONSTANT_CONVERSION = YES;
				CLANG_WARN_DEPRECATED_OBJC_IMPLEMENTATIONS = YES;
				CLANG_WARN_DIRECT_OBJC_ISA_USAGE = YES_ERROR;
				CLANG_WARN_DOCUMENTATION_COMMENTS = YES;
				CLANG_WARN_EMPTY_BODY = YES;
				CLANG_WARN_ENUM_CONVERSION = YES;
				CLANG_WARN_INFINITE_RECURSION = YES;
				CLANG_WARN_INT_CONVERSION = YES;
				CLANG_WARN_NON_LITERAL_NULL_CONVERSION = YES;
				CLANG_WARN_OBJC_IMPLICIT_RETAIN_SELF = YES;
				CLANG_WARN_OBJC_LITERAL_CONVERSION = YES;
				CLANG_WARN_OBJC_ROOT_CLASS = YES_ERROR;
				CLANG_WARN_QUOTED_INCLUDE_IN_FRAMEWORK_HEADER = YES;
				CLANG_WARN_RANGE_LOOP_ANALYSIS = YES;
				CLANG_WARN_STRICT_PROTOTYPES = YES;
				CLANG_WARN_SUSPICIOUS_MOVE = YES;
				CLANG_WARN_UNGUARDED_AVAILABILITY = YES_AGGRESSIVE;
				CLANG_WARN_UNREACHABLE_CODE = YES;
				CLANG_WARN__DUPLICATE_METHOD_MATCH = YES;
				COPY_PHASE_STRIP = NO;
				DEBUG_INFORMATION_FORMAT = dwarf;
				ENABLE_STRICT_OBJC_MSGSEND = YES;
				ENABLE_TESTABILITY = YES;
				ENABLE_USER_SCRIPT_SANDBOXING = YES;
				GCC_C_LANGUAGE_STANDARD = gnu17;
				GCC_DYNAMIC_NO_PIC = NO;
				GCC_NO_COMMON_BLOCKS = YES;
				GCC_OPTIMIZATION_LEVEL = 0;
				GCC_PREPROCESSOR_DEFINITIONS = (
					"DEBUG=1",
					"$(inherited)",
				);
				GCC_WARN_64_TO_32_BIT_CONVERSION = YES;
				GCC_WARN_ABOUT_RETURN_TYPE = YES_ERROR;
				GCC_WARN_UNDECLARED_SELECTOR = YES;
				GCC_WARN_UNINITIALIZED_AUTOS = YES_AGGRESSIVE;
				GCC_WARN_UNUSED_FUNCTION = YES;
				GCC_WARN_UNUSED_VARIABLE = YES;
				IPHONEOS_DEPLOYMENT_TARGET = 17.5;
				LOCALIZATION_PREFERS_STRING_CATALOGS = YES;
				MTL_ENABLE_DEBUG_INFO = INCLUDE_SOURCE;
				MTL_FAST_MATH = YES;
				ONLY_ACTIVE_ARCH = YES;
				SDKROOT = iphoneos;
				SWIFT_ACTIVE_COMPILATION_CONDITIONS = "DEBUG $(inherited)";
				SWIFT_OPTIMIZATION_LEVEL = "-Onone";
			};
			name = Debug;
		};
		30348E8F2C1CD44B00A0EE60 /* Release */ = {
			isa = XCBuildConfiguration;
			buildSettings = {
				ALWAYS_SEARCH_USER_PATHS = NO;
				ASSETCATALOG_COMPILER_GENERATE_SWIFT_ASSET_SYMBOL_EXTENSIONS = YES;
				CLANG_ANALYZER_NONNULL = YES;
				CLANG_ANALYZER_NUMBER_OBJECT_CONVERSION = YES_AGGRESSIVE;
				CLANG_CXX_LANGUAGE_STANDARD = "gnu++20";
				CLANG_ENABLE_MODULES = YES;
				CLANG_ENABLE_OBJC_ARC = YES;
				CLANG_ENABLE_OBJC_WEAK = YES;
				CLANG_WARN_BLOCK_CAPTURE_AUTORELEASING = YES;
				CLANG_WARN_BOOL_CONVERSION = YES;
				CLANG_WARN_COMMA = YES;
				CLANG_WARN_CONSTANT_CONVERSION = YES;
				CLANG_WARN_DEPRECATED_OBJC_IMPLEMENTATIONS = YES;
				CLANG_WARN_DIRECT_OBJC_ISA_USAGE = YES_ERROR;
				CLANG_WARN_DOCUMENTATION_COMMENTS = YES;
				CLANG_WARN_EMPTY_BODY = YES;
				CLANG_WARN_ENUM_CONVERSION = YES;
				CLANG_WARN_INFINITE_RECURSION = YES;
				CLANG_WARN_INT_CONVERSION = YES;
				CLANG_WARN_NON_LITERAL_NULL_CONVERSION = YES;
				CLANG_WARN_OBJC_IMPLICIT_RETAIN_SELF = YES;
				CLANG_WARN_OBJC_LITERAL_CONVERSION = YES;
				CLANG_WARN_OBJC_ROOT_CLASS = YES_ERROR;
				CLANG_WARN_QUOTED_INCLUDE_IN_FRAMEWORK_HEADER = YES;
				CLANG_WARN_RANGE_LOOP_ANALYSIS = YES;
				CLANG_WARN_STRICT_PROTOTYPES = YES;
				CLANG_WARN_SUSPICIOUS_MOVE = YES;
				CLANG_WARN_UNGUARDED_AVAILABILITY = YES_AGGRESSIVE;
				CLANG_WARN_UNREACHABLE_CODE = YES;
				CLANG_WARN__DUPLICATE_METHOD_MATCH = YES;
				COPY_PHASE_STRIP = NO;
				DEBUG_INFORMATION_FORMAT = "dwarf-with-dsym";
				ENABLE_NS_ASSERTIONS = NO;
				ENABLE_STRICT_OBJC_MSGSEND = YES;
				ENABLE_USER_SCRIPT_SANDBOXING = YES;
				GCC_C_LANGUAGE_STANDARD = gnu17;
				GCC_NO_COMMON_BLOCKS = YES;
				GCC_WARN_64_TO_32_BIT_CONVERSION = YES;
				GCC_WARN_ABOUT_RETURN_TYPE = YES_ERROR;
				GCC_WARN_UNDECLARED_SELECTOR = YES;
				GCC_WARN_UNINITIALIZED_AUTOS = YES_AGGRESSIVE;
				GCC_WARN_UNUSED_FUNCTION = YES;
				GCC_WARN_UNUSED_VARIABLE = YES;
				IPHONEOS_DEPLOYMENT_TARGET = 17.5;
				LOCALIZATION_PREFERS_STRING_CATALOGS = YES;
				MTL_ENABLE_DEBUG_INFO = NO;
				MTL_FAST_MATH = YES;
				SDKROOT = iphoneos;
				SWIFT_COMPILATION_MODE = wholemodule;
				VALIDATE_PRODUCT = YES;
			};
			name = Release;
		};
		30348E912C1CD44B00A0EE60 /* Debug */ = {
			isa = XCBuildConfiguration;
			buildSettings = {
				ASSETCATALOG_COMPILER_APPICON_NAME = AppIcon;
				ASSETCATALOG_COMPILER_GLOBAL_ACCENT_COLOR_NAME = AccentColor;
				CODE_SIGN_STYLE = Automatic;
				CURRENT_PROJECT_VERSION = 1;
				DEVELOPMENT_ASSET_PATHS = "\"AgriCare/Preview Content\"";
				DEVELOPMENT_TEAM = FF3YCGQG46;
				ENABLE_PREVIEWS = YES;
				GENERATE_INFOPLIST_FILE = YES;
				INFOPLIST_KEY_CFBundleDisplayName = AgriCare;
				INFOPLIST_KEY_NSCameraUsageDescription = "We need access to the camera to allow you to scan plants.";
				INFOPLIST_KEY_UIApplicationSceneManifest_Generation = YES;
				INFOPLIST_KEY_UIApplicationSupportsIndirectInputEvents = YES;
				INFOPLIST_KEY_UILaunchScreen_Generation = YES;
				INFOPLIST_KEY_UISupportedInterfaceOrientations_iPad = "UIInterfaceOrientationPortrait UIInterfaceOrientationPortraitUpsideDown UIInterfaceOrientationLandscapeLeft UIInterfaceOrientationLandscapeRight";
				INFOPLIST_KEY_UISupportedInterfaceOrientations_iPhone = "UIInterfaceOrientationPortrait UIInterfaceOrientationLandscapeLeft UIInterfaceOrientationLandscapeRight";
				INFOPLIST_KEY_UIUserInterfaceStyle = Light;
				LD_RUNPATH_SEARCH_PATHS = (
					"$(inherited)",
					"@executable_path/Frameworks",
				);
				MARKETING_VERSION = 1.0;
				PRODUCT_BUNDLE_IDENTIFIER = com.roman.AgriCare;
				PRODUCT_NAME = "$(TARGET_NAME)";
				SUPPORTED_PLATFORMS = "iphoneos iphonesimulator";
				SUPPORTS_MACCATALYST = NO;
				SUPPORTS_MAC_DESIGNED_FOR_IPHONE_IPAD = NO;
				SUPPORTS_XR_DESIGNED_FOR_IPHONE_IPAD = NO;
				SWIFT_EMIT_LOC_STRINGS = YES;
				SWIFT_VERSION = 5.0;
				TARGETED_DEVICE_FAMILY = 1;
			};
			name = Debug;
		};
		30348E922C1CD44B00A0EE60 /* Release */ = {
			isa = XCBuildConfiguration;
			buildSettings = {
				ASSETCATALOG_COMPILER_APPICON_NAME = AppIcon;
				ASSETCATALOG_COMPILER_GLOBAL_ACCENT_COLOR_NAME = AccentColor;
				CODE_SIGN_STYLE = Automatic;
				CURRENT_PROJECT_VERSION = 1;
				DEVELOPMENT_ASSET_PATHS = "\"AgriCare/Preview Content\"";
				DEVELOPMENT_TEAM = FF3YCGQG46;
				ENABLE_PREVIEWS = YES;
				GENERATE_INFOPLIST_FILE = YES;
				INFOPLIST_KEY_CFBundleDisplayName = AgriCare;
				INFOPLIST_KEY_NSCameraUsageDescription = "We need access to the camera to allow you to scan plants.";
				INFOPLIST_KEY_UIApplicationSceneManifest_Generation = YES;
				INFOPLIST_KEY_UIApplicationSupportsIndirectInputEvents = YES;
				INFOPLIST_KEY_UILaunchScreen_Generation = YES;
				INFOPLIST_KEY_UISupportedInterfaceOrientations_iPad = "UIInterfaceOrientationPortrait UIInterfaceOrientationPortraitUpsideDown UIInterfaceOrientationLandscapeLeft UIInterfaceOrientationLandscapeRight";
				INFOPLIST_KEY_UISupportedInterfaceOrientations_iPhone = "UIInterfaceOrientationPortrait UIInterfaceOrientationLandscapeLeft UIInterfaceOrientationLandscapeRight";
				INFOPLIST_KEY_UIUserInterfaceStyle = Light;
				LD_RUNPATH_SEARCH_PATHS = (
					"$(inherited)",
					"@executable_path/Frameworks",
				);
				MARKETING_VERSION = 1.0;
				PRODUCT_BUNDLE_IDENTIFIER = com.roman.AgriCare;
				PRODUCT_NAME = "$(TARGET_NAME)";
				SUPPORTED_PLATFORMS = "iphoneos iphonesimulator";
				SUPPORTS_MACCATALYST = NO;
				SUPPORTS_MAC_DESIGNED_FOR_IPHONE_IPAD = NO;
				SUPPORTS_XR_DESIGNED_FOR_IPHONE_IPAD = NO;
				SWIFT_EMIT_LOC_STRINGS = YES;
				SWIFT_VERSION = 5.0;
				TARGETED_DEVICE_FAMILY = 1;
			};
			name = Release;
		};
/* End XCBuildConfiguration section */

/* Begin XCConfigurationList section */
		30348E7D2C1CD44A00A0EE60 /* Build configuration list for PBXProject "AgriCare" */ = {
			isa = XCConfigurationList;
			buildConfigurations = (
				30348E8E2C1CD44B00A0EE60 /* Debug */,
				30348E8F2C1CD44B00A0EE60 /* Release */,
			);
			defaultConfigurationIsVisible = 0;
			defaultConfigurationName = Release;
		};
		30348E902C1CD44B00A0EE60 /* Build configuration list for PBXNativeTarget "AgriCare" */ = {
			isa = XCConfigurationList;
			buildConfigurations = (
				30348E912C1CD44B00A0EE60 /* Debug */,
				30348E922C1CD44B00A0EE60 /* Release */,
			);
			defaultConfigurationIsVisible = 0;
			defaultConfigurationName = Release;
		};
/* End XCConfigurationList section */
	};
	rootObject = 30348E7A2C1CD44A00A0EE60 /* Project object */;
}
